
Microsoft Visual Studio Solution File, Format Version 12.00
# Visual Studio Version 17
VisualStudioVersion = 17.12.35506.116 d17.12
MinimumVisualStudioVersion = 10.0.40219.1
Project("{FAE04EC0-301F-11D3-BF4B-00C04F79EFBC}") = "Session5.SchoolManagementOOP", "Session5.SchoolManagementOOP\Session5.SchoolManagementOOP.csproj", "{6E25FBE1-FD3E-48EF-B3BF-1AB5EAEA4A13}"
EndProject
Project("{FAE04EC0-301F-11D3-BF4B-00C04F79EFBC}") = "Session5.Refrence&ValueType", "Session5.Refrence&ValueType\Session5.Refrence&ValueType.csproj", "{4FE8A868-A006-49D0-9969-9B2D8C3F9879}"
EndProject
Project("{FAE04EC0-301F-11D3-BF4B-00C04F79EFBC}") = "Session5.Human", "Session5.Human\Session5.Human.csproj", "{BFF501AE-BF5F-459C-9408-DF89CAEF44A9}"
EndProject
Global
	GlobalSection(SolutionConfigurationPlatforms) = preSolution
		Debug|Any CPU = Debug|Any CPU
		Release|Any CPU = Release|Any CPU
	EndGlobalSection
	GlobalSection(ProjectConfigurationPlatforms) = postSolution
		{6E25FBE1-FD3E-48EF-B3BF-1AB5EAEA4A13}.Debug|Any CPU.ActiveCfg = Debug|Any CPU
		{6E25FBE1-FD3E-48EF-B3BF-1AB5EAEA4A13}.Debug|Any CPU.Build.0 = Debug|Any CPU
		{6E25FBE1-FD3E-48EF-B3BF-1AB5EAEA4A13}.Release|Any CPU.ActiveCfg = Release|Any CPU
		{6E25FBE1-FD3E-48EF-B3BF-1AB5EAEA4A13}.Release|Any CPU.Build.0 = Release|Any CPU
		{4FE8A868-A006-49D0-9969-9B2D8C3F9879}.Debug|Any CPU.ActiveCfg = Debug|Any CPU
		{4FE8A868-A006-49D0-9969-9B2D8C3F9879}.Debug|Any CPU.Build.0 = Debug|Any CPU
		{4FE8A868-A006-49D0-9969-9B2D8C3F9879}.Release|Any CPU.ActiveCfg = Release|Any CPU
		{4FE8A868-A006-49D0-9969-9B2D8C3F9879}.Release|Any CPU.Build.0 = Release|Any CPU
		{BFF501AE-BF5F-459C-9408-DF89CAEF44A9}.Debug|Any CPU.ActiveCfg = Debug|Any CPU
		{BFF501AE-BF5F-459C-9408-DF89CAEF44A9}.Debug|Any CPU.Build.0 = Debug|Any CPU
		{BFF501AE-BF5F-459C-9408-DF89CAEF44A9}.Release|Any CPU.ActiveCfg = Release|Any CPU
		{BFF501AE-BF5F-459C-9408-DF89CAEF44A9}.Release|Any CPU.Build.0 = Release|Any CPU
	EndGlobalSection
	GlobalSection(SolutionProperties) = preSolution
		HideSolutionNode = FALSE
	EndGlobalSection
EndGlobal
