
Microsoft Visual Studio Solution File, Format Version 12.00
# Visual Studio Version 17
VisualStudioVersion = 17.12.35506.116 d17.12
MinimumVisualStudioVersion = 10.0.40219.1
Project("{FAE04EC0-301F-11D3-BF4B-00C04F79EFBC}") = "Session3.Functions", "Session3.Functions\Session3.Functions.csproj", "{21C0AAE1-C297-42C1-AA75-81DBAF6B87AB}"
EndProject
Project("{FAE04EC0-301F-11D3-BF4B-00C04F79EFBC}") = "Session3.2DArrays", "Session3.2DArrays\Session3.2DArrays.csproj", "{A1F7E691-C735-4DA1-801E-B4A80AFDF58F}"
EndProject
Project("{FAE04EC0-301F-11D3-BF4B-00C04F79EFBC}") = "SimpleMenu", "SimpleMenu\SimpleMenu.csproj", "{21A92047-7B53-4D2E-A7AF-1B44A725B691}"
EndProject
Global
	GlobalSection(SolutionConfigurationPlatforms) = preSolution
		Debug|Any CPU = Debug|Any CPU
		Release|Any CPU = Release|Any CPU
	EndGlobalSection
	GlobalSection(ProjectConfigurationPlatforms) = postSolution
		{21C0AAE1-C297-42C1-AA75-81DBAF6B87AB}.Debug|Any CPU.ActiveCfg = Debug|Any CPU
		{21C0AAE1-C297-42C1-AA75-81DBAF6B87AB}.Debug|Any CPU.Build.0 = Debug|Any CPU
		{21C0AAE1-C297-42C1-AA75-81DBAF6B87AB}.Release|Any CPU.ActiveCfg = Release|Any CPU
		{21C0AAE1-C297-42C1-AA75-81DBAF6B87AB}.Release|Any CPU.Build.0 = Release|Any CPU
		{A1F7E691-C735-4DA1-801E-B4A80AFDF58F}.Debug|Any CPU.ActiveCfg = Debug|Any CPU
		{A1F7E691-C735-4DA1-801E-B4A80AFDF58F}.Debug|Any CPU.Build.0 = Debug|Any CPU
		{A1F7E691-C735-4DA1-801E-B4A80AFDF58F}.Release|Any CPU.ActiveCfg = Release|Any CPU
		{A1F7E691-C735-4DA1-801E-B4A80AFDF58F}.Release|Any CPU.Build.0 = Release|Any CPU
		{21A92047-7B53-4D2E-A7AF-1B44A725B691}.Debug|Any CPU.ActiveCfg = Debug|Any CPU
		{21A92047-7B53-4D2E-A7AF-1B44A725B691}.Debug|Any CPU.Build.0 = Debug|Any CPU
		{21A92047-7B53-4D2E-A7AF-1B44A725B691}.Release|Any CPU.ActiveCfg = Release|Any CPU
		{21A92047-7B53-4D2E-A7AF-1B44A725B691}.Release|Any CPU.Build.0 = Release|Any CPU
	EndGlobalSection
	GlobalSection(SolutionProperties) = preSolution
		HideSolutionNode = FALSE
	EndGlobalSection
EndGlobal
